{
  "name": "rocketchip-openmct-hello",
  "lockfileVersion": 3,
  "requires": true,
  "packages": {
    "": {
      "name": "rocketchip-openmct-hello",
      "dependencies": {
        "openmct": "^4.1.0"
      }
    },
    "node_modules/openmct": {
      "version": "4.2.0",
      "resolved": "https://registry.npmjs.org/openmct/-/openmct-4.2.0.tgz",
      "integrity": "sha512-3fprUHT5s22kBukpHC0WTWeW12UnD+JgehJN9KqjJoBbj928LV4um9FjHSRZG+P+6rAKZZD9+DFumVbDzJ4lHg==",
      "license": "Apache-2.0",
      "workspaces": [
        "e2e"
      ],
      "engines": {
        "node": ">=18.14.2 <23"
      }
    }
  }
}
